
Microsoft Visual Studio Solution File, Format Version 12.00
# Visual Studio Version 16
VisualStudioVersion = 16.0.31112.23
MinimumVisualStudioVersion = 10.0.40219.1
Project("{FAE04EC0-301F-11D3-BF4B-00C04F79EFBC}") = "ClassesAsignment", "ClassesAsignment\ClassesAsignment.csproj", "{C3B5799D-2AB0-4DCB-8538-C5D281477C6F}"
EndProject
Project("{FAE04EC0-301F-11D3-BF4B-00C04F79EFBC}") = "OverloadingAssign", "OverloadingAssign\OverloadingAssign.csproj", "{425E7349-D038-4F72-98B7-D4A2D0997492}"
EndProject
Global
	GlobalSection(SolutionConfigurationPlatforms) = preSolution
		Debug|Any CPU = Debug|Any CPU
		Release|Any CPU = Release|Any CPU
	EndGlobalSection
	GlobalSection(ProjectConfigurationPlatforms) = postSolution
		{C3B5799D-2AB0-4DCB-8538-C5D281477C6F}.Debug|Any CPU.ActiveCfg = Debug|Any CPU
		{C3B5799D-2AB0-4DCB-8538-C5D281477C6F}.Debug|Any CPU.Build.0 = Debug|Any CPU
		{C3B5799D-2AB0-4DCB-8538-C5D281477C6F}.Release|Any CPU.ActiveCfg = Release|Any CPU
		{C3B5799D-2AB0-4DCB-8538-C5D281477C6F}.Release|Any CPU.Build.0 = Release|Any CPU
		{425E7349-D038-4F72-98B7-D4A2D0997492}.Debug|Any CPU.ActiveCfg = Debug|Any CPU
		{425E7349-D038-4F72-98B7-D4A2D0997492}.Debug|Any CPU.Build.0 = Debug|Any CPU
		{425E7349-D038-4F72-98B7-D4A2D0997492}.Release|Any CPU.ActiveCfg = Release|Any CPU
		{425E7349-D038-4F72-98B7-D4A2D0997492}.Release|Any CPU.Build.0 = Release|Any CPU
	EndGlobalSection
	GlobalSection(SolutionProperties) = preSolution
		HideSolutionNode = FALSE
	EndGlobalSection
	GlobalSection(ExtensibilityGlobals) = postSolution
		SolutionGuid = {555EE92C-4232-4029-A014-E8D97448D10D}
	EndGlobalSection
EndGlobal
